<?xml version="1.0" encoding="utf-8"?>
<Project ToolsVersion="4.0" xmlns="http://schemas.microsoft.com/developer/msbuild/2003">
  <ItemGroup>
    <Filter Include="Main">
      <UniqueIdentifier>{c29b0e3c-ea60-44ee-b166-025c549433cb}</UniqueIdentifier>
    </Filter>
    <Filter Include="Libraries">
      <UniqueIdentifier>{984e573b-e2bb-4b0f-87a1-91db94169565}</UniqueIdentifier>
    </Filter>
    <Filter Include="Classes">
      <UniqueIdentifier>{9bc51e88-a013-4d3d-94ee-13742e17f9ef}</UniqueIdentifier>
    </Filter>
  </ItemGroup>
  <ItemGroup>
    <ClCompile Include="main.cpp">
      <Filter>Main</Filter>
    </ClCompile>
  </ItemGroup>
  <ItemGroup>
    <ClInclude Include="libs.h">
      <Filter>Libraries</Filter>
    </ClInclude>
    <ClInclude Include="classes.h">
      <Filter>Classes</Filter>
    </ClInclude>
  </ItemGroup>
</Project>